
Microsoft Visual Studio Solution File, Format Version 12.00
# Visual Studio Version 16
VisualStudioVersion = 16.0.31515.178
MinimumVisualStudioVersion = 10.0.40219.1
Project("{FAE04EC0-301F-11D3-BF4B-00C04F79EFBC}") = "VUIE", "VUIE.csproj", "{59AD20C6-2BE2-40DD-A4EB-A2EA693CAD3B}"
EndProject
Global
	GlobalSection(SolutionConfigurationPlatforms) = preSolution
		Debug|Any CPU = Debug|Any CPU
		Release|Any CPU = Release|Any CPU
	EndGlobalSection
	GlobalSection(ProjectConfigurationPlatforms) = postSolution
		{59AD20C6-2BE2-40DD-A4EB-A2EA693CAD3B}.Debug|Any CPU.ActiveCfg = Debug|Any CPU
		{59AD20C6-2BE2-40DD-A4EB-A2EA693CAD3B}.Debug|Any CPU.Build.0 = Debug|Any CPU
		{59AD20C6-2BE2-40DD-A4EB-A2EA693CAD3B}.Release|Any CPU.ActiveCfg = Release|Any CPU
		{59AD20C6-2BE2-40DD-A4EB-A2EA693CAD3B}.Release|Any CPU.Build.0 = Release|Any CPU
	EndGlobalSection
	GlobalSection(SolutionProperties) = preSolution
		HideSolutionNode = FALSE
	EndGlobalSection
	GlobalSection(ExtensibilityGlobals) = postSolution
		SolutionGuid = {C73C3A36-A386-4E3A-9F94-C31CD8272D89}
	EndGlobalSection
EndGlobal
